
Microsoft Visual Studio Solution File, Format Version 12.00
# Visual Studio Version 16
VisualStudioVersion = 16.0.31515.178
MinimumVisualStudioVersion = 10.0.40219.1
Project("{FAE04EC0-301F-11D3-BF4B-00C04F79EFBC}") = "SalesWebMvc", "SalesWebMvc\SalesWebMvc.csproj", "{9B883069-E43C-45D4-8B02-9C87FA5EBD6B}"
EndProject
Global
	GlobalSection(SolutionConfigurationPlatforms) = preSolution
		Debug|Any CPU = Debug|Any CPU
		Release|Any CPU = Release|Any CPU
	EndGlobalSection
	GlobalSection(ProjectConfigurationPlatforms) = postSolution
		{9B883069-E43C-45D4-8B02-9C87FA5EBD6B}.Debug|Any CPU.ActiveCfg = Debug|Any CPU
		{9B883069-E43C-45D4-8B02-9C87FA5EBD6B}.Debug|Any CPU.Build.0 = Debug|Any CPU
		{9B883069-E43C-45D4-8B02-9C87FA5EBD6B}.Release|Any CPU.ActiveCfg = Release|Any CPU
		{9B883069-E43C-45D4-8B02-9C87FA5EBD6B}.Release|Any CPU.Build.0 = Release|Any CPU
	EndGlobalSection
	GlobalSection(SolutionProperties) = preSolution
		HideSolutionNode = FALSE
	EndGlobalSection
	GlobalSection(ExtensibilityGlobals) = postSolution
		SolutionGuid = {FFF47B3B-C4EA-4ADA-824D-F724A7D0EB17}
	EndGlobalSection
EndGlobal
